
Microsoft Visual Studio Solution File, Format Version 12.00
# Visual Studio Version 17
VisualStudioVersion = 17.5.33516.290
MinimumVisualStudioVersion = 10.0.40219.1
Project("{FAE04EC0-301F-11D3-BF4B-00C04F79EFBC}") = "ExhibitionApp", "ExhibitionApp.csproj", "{86CA0F4D-DE7C-4978-BBC5-EF52514720DB}"
EndProject
Global
	GlobalSection(SolutionConfigurationPlatforms) = preSolution
		Debug|Any CPU = Debug|Any CPU
		Release|Any CPU = Release|Any CPU
	EndGlobalSection
	GlobalSection(ProjectConfigurationPlatforms) = postSolution
		{86CA0F4D-DE7C-4978-BBC5-EF52514720DB}.Debug|Any CPU.ActiveCfg = Debug|Any CPU
		{86CA0F4D-DE7C-4978-BBC5-EF52514720DB}.Debug|Any CPU.Build.0 = Debug|Any CPU
		{86CA0F4D-DE7C-4978-BBC5-EF52514720DB}.Release|Any CPU.ActiveCfg = Release|Any CPU
		{86CA0F4D-DE7C-4978-BBC5-EF52514720DB}.Release|Any CPU.Build.0 = Release|Any CPU
	EndGlobalSection
	GlobalSection(SolutionProperties) = preSolution
		HideSolutionNode = FALSE
	EndGlobalSection
	GlobalSection(ExtensibilityGlobals) = postSolution
		SolutionGuid = {8AE78C12-3EAA-4560-B099-95CB62DC4069}
	EndGlobalSection
EndGlobal
